// !$*UTF8*$!
{
	archiveVersion = 1;
	classes = {
	};
	objectVersion = 56;
	objects = {

/* Begin PBXBuildFile section */
		DF77243F2C135C7B005566A4 /* MVIContainer.swift in Sources */ = {isa = PBXBuildFile; fileRef = DF77243E2C135C7B005566A4 /* MVIContainer.swift */; };
		DF7724412C143D90005566A4 /* MVIContainerProtocol.swift in Sources */ = {isa = PBXBuildFile; fileRef = DF7724402C143D90005566A4 /* MVIContainerProtocol.swift */; };
		DF8A92DA2C130B0100AF040C /* MVIPraticeApp.swift in Sources */ = {isa = PBXBuildFile; fileRef = DF8A92D92C130B0100AF040C /* MVIPraticeApp.swift */; };
		DF8A92DC2C130B0100AF040C /* ContentView.swift in Sources */ = {isa = PBXBuildFile; fileRef = DF8A92DB2C130B0100AF040C /* ContentView.swift */; };
		DF8A92DE2C130B0300AF040C /* Assets.xcassets in Resources */ = {isa = PBXBuildFile; fileRef = DF8A92DD2C130B0300AF040C /* Assets.xcassets */; };
		DF8A92E12C130B0300AF040C /* Preview Assets.xcassets in Resources */ = {isa = PBXBuildFile; fileRef = DF8A92E02C130B0300AF040C /* Preview Assets.xcassets */; };
		DF8A92EB2C130B0300AF040C /* MVIPraticeTests.swift in Sources */ = {isa = PBXBuildFile; fileRef = DF8A92EA2C130B0300AF040C /* MVIPraticeTests.swift */; };
		DF8A92F52C130B0300AF040C /* MVIPraticeUITests.swift in Sources */ = {isa = PBXBuildFile; fileRef = DF8A92F42C130B0300AF040C /* MVIPraticeUITests.swift */; };
		DF8A92F72C130B0300AF040C /* MVIPraticeUITestsLaunchTests.swift in Sources */ = {isa = PBXBuildFile; fileRef = DF8A92F62C130B0300AF040C /* MVIPraticeUITestsLaunchTests.swift */; };
/* End PBXBuildFile section */

/* Begin PBXContainerItemProxy section */
		DF8A92E72C130B0300AF040C /* PBXContainerItemProxy */ = {
			isa = PBXContainerItemProxy;
			containerPortal = DF8A92CE2C130B0100AF040C /* Project object */;
			proxyType = 1;
			remoteGlobalIDString = DF8A92D52C130B0100AF040C;
			remoteInfo = MVIPratice;
		};
		DF8A92F12C130B0300AF040C /* PBXContainerItemProxy */ = {
			isa = PBXContainerItemProxy;
			containerPortal = DF8A92CE2C130B0100AF040C /* Project object */;
			proxyType = 1;
			remoteGlobalIDString = DF8A92D52C130B0100AF040C;
			remoteInfo = MVIPratice;
		};
/* End PBXContainerItemProxy section */

/* Begin PBXFileReference section */
		DF77243E2C135C7B005566A4 /* MVIContainer.swift */ = {isa = PBXFileReference; lastKnownFileType = sourcecode.swift; path = MVIContainer.swift; sourceTree = "<group>"; };
		DF7724402C143D90005566A4 /* MVIContainerProtocol.swift */ = {isa = PBXFileReference; lastKnownFileType = sourcecode.swift; path = MVIContainerProtocol.swift; sourceTree = "<group>"; };
		DF7724422C162570005566A4 /* Info.plist */ = {isa = PBXFileReference; lastKnownFileType = text.plist; path = Info.plist; sourceTree = "<group>"; };
		DF8A92D62C130B0100AF040C /* MVIPratice.app */ = {isa = PBXFileReference; explicitFileType = wrapper.application; includeInIndex = 0; path = MVIPratice.app; sourceTree = BUILT_PRODUCTS_DIR; };
		DF8A92D92C130B0100AF040C /* MVIPraticeApp.swift */ = {isa = PBXFileReference; lastKnownFileType = sourcecode.swift; path = MVIPraticeApp.swift; sourceTree = "<group>"; };
		DF8A92DB2C130B0100AF040C /* ContentView.swift */ = {isa = PBXFileReference; lastKnownFileType = sourcecode.swift; path = ContentView.swift; sourceTree = "<group>"; };
		DF8A92DD2C130B0300AF040C /* Assets.xcassets */ = {isa = PBXFileReference; lastKnownFileType = folder.assetcatalog; path = Assets.xcassets; sourceTree = "<group>"; };
		DF8A92E02C130B0300AF040C /* Preview Assets.xcassets */ = {isa = PBXFileReference; lastKnownFileType = folder.assetcatalog; path = "Preview Assets.xcassets"; sourceTree = "<group>"; };
		DF8A92E62C130B0300AF040C /* MVIPraticeTests.xctest */ = {isa = PBXFileReference; explicitFileType = wrapper.cfbundle; includeInIndex = 0; path = MVIPraticeTests.xctest; sourceTree = BUILT_PRODUCTS_DIR; };
		DF8A92EA2C130B0300AF040C /* MVIPraticeTests.swift */ = {isa = PBXFileReference; lastKnownFileType = sourcecode.swift; path = MVIPraticeTests.swift; sourceTree = "<group>"; };
		DF8A92F02C130B0300AF040C /* MVIPraticeUITests.xctest */ = {isa = PBXFileReference; explicitFileType = wrapper.cfbundle; includeInIndex = 0; path = MVIPraticeUITests.xctest; sourceTree = BUILT_PRODUCTS_DIR; };
		DF8A92F42C130B0300AF040C /* MVIPraticeUITests.swift */ = {isa = PBXFileReference; lastKnownFileType = sourcecode.swift; path = MVIPraticeUITests.swift; sourceTree = "<group>"; };
		DF8A92F62C130B0300AF040C /* MVIPraticeUITestsLaunchTests.swift */ = {isa = PBXFileReference; lastKnownFileType = sourcecode.swift; path = MVIPraticeUITestsLaunchTests.swift; sourceTree = "<group>"; };
/* End PBXFileReference section */

/* Begin PBXFrameworksBuildPhase section */
		DF8A92D32C130B0100AF040C /* Frameworks */ = {
			isa = PBXFrameworksBuildPhase;
			buildActionMask = 2147483647;
			files = (
			);
			runOnlyForDeploymentPostprocessing = 0;
		};
		DF8A92E32C130B0300AF040C /* Frameworks */ = {
			isa = PBXFrameworksBuildPhase;
			buildActionMask = 2147483647;
			files = (
			);
			runOnlyForDeploymentPostprocessing = 0;
		};
		DF8A92ED2C130B0300AF040C /* Frameworks */ = {
			isa = PBXFrameworksBuildPhase;
			buildActionMask = 2147483647;
			files = (
			);
			runOnlyForDeploymentPostprocessing = 0;
		};
/* End PBXFrameworksBuildPhase section */

/* Begin PBXGroup section */
		DF8A92CD2C130B0100AF040C = {
			isa = PBXGroup;
			children = (
				DF8A92D82C130B0100AF040C /* MVIPratice */,
				DF8A92E92C130B0300AF040C /* MVIPraticeTests */,
				DF8A92F32C130B0300AF040C /* MVIPraticeUITests */,
				DF8A92D72C130B0100AF040C /* Products */,
			);
			sourceTree = "<group>";
		};
		DF8A92D72C130B0100AF040C /* Products */ = {
			isa = PBXGroup;
			children = (
				DF8A92D62C130B0100AF040C /* MVIPratice.app */,
				DF8A92E62C130B0300AF040C /* MVIPraticeTests.xctest */,
				DF8A92F02C130B0300AF040C /* MVIPraticeUITests.xctest */,
			);
			name = Products;
			sourceTree = "<group>";
		};
		DF8A92D82C130B0100AF040C /* MVIPratice */ = {
			isa = PBXGroup;
			children = (
				DF7724422C162570005566A4 /* Info.plist */,
				DF8A92D92C130B0100AF040C /* MVIPraticeApp.swift */,
				DF8A92DD2C130B0300AF040C /* Assets.xcassets */,
				DF8A92DF2C130B0300AF040C /* Preview Content */,
				DF8A92DB2C130B0100AF040C /* ContentView.swift */,
				DF77243E2C135C7B005566A4 /* MVIContainer.swift */,
				DF7724402C143D90005566A4 /* MVIContainerProtocol.swift */,
			);
			path = MVIPratice;
			sourceTree = "<group>";
		};
		DF8A92DF2C130B0300AF040C /* Preview Content */ = {
			isa = PBXGroup;
			children = (
				DF8A92E02C130B0300AF040C /* Preview Assets.xcassets */,
			);
			path = "Preview Content";
			sourceTree = "<group>";
		};
		DF8A92E92C130B0300AF040C /* MVIPraticeTests */ = {
			isa = PBXGroup;
			children = (
				DF8A92EA2C130B0300AF040C /* MVIPraticeTests.swift */,
			);
			path = MVIPraticeTests;
			sourceTree = "<group>";
		};
		DF8A92F32C130B0300AF040C /* MVIPraticeUITests */ = {
			isa = PBXGroup;
			children = (
				DF8A92F42C130B0300AF040C /* MVIPraticeUITests.swift */,
				DF8A92F62C130B0300AF040C /* MVIPraticeUITestsLaunchTests.swift */,
			);
			path = MVIPraticeUITests;
			sourceTree = "<group>";
		};
/* End PBXGroup section */

/* Begin PBXNativeTarget section */
		DF8A92D52C130B0100AF040C /* MVIPratice */ = {
			isa = PBXNativeTarget;
			buildConfigurationList = DF8A92FA2C130B0300AF040C /* Build configuration list for PBXNativeTarget "MVIPratice" */;
			buildPhases = (
				DF8A92D22C130B0100AF040C /* Sources */,
				DF8A92D32C130B0100AF040C /* Frameworks */,
				DF8A92D42C130B0100AF040C /* Resources */,
			);
			buildRules = (
			);
			dependencies = (
			);
			name = MVIPratice;
			productName = MVIPratice;
			productReference = DF8A92D62C130B0100AF040C /* MVIPratice.app */;
			productType = "com.apple.product-type.application";
		};
		DF8A92E52C130B0300AF040C /* MVIPraticeTests */ = {
			isa = PBXNativeTarget;
			buildConfigurationList = DF8A92FD2C130B0300AF040C /* Build configuration list for PBXNativeTarget "MVIPraticeTests" */;
			buildPhases = (
				DF8A92E22C130B0300AF040C /* Sources */,
				DF8A92E32C130B0300AF040C /* Frameworks */,
				DF8A92E42C130B0300AF040C /* Resources */,
			);
			buildRules = (
			);
			dependencies = (
				DF8A92E82C130B0300AF040C /* PBXTargetDependency */,
			);
			name = MVIPraticeTests;
			productName = MVIPraticeTests;
			productReference = DF8A92E62C130B0300AF040C /* MVIPraticeTests.xctest */;
			productType = "com.apple.product-type.bundle.unit-test";
		};
		DF8A92EF2C130B0300AF040C /* MVIPraticeUITests */ = {
			isa = PBXNativeTarget;
			buildConfigurationList = DF8A93002C130B0300AF040C /* Build configuration list for PBXNativeTarget "MVIPraticeUITests" */;
			buildPhases = (
				DF8A92EC2C130B0300AF040C /* Sources */,
				DF8A92ED2C130B0300AF040C /* Frameworks */,
				DF8A92EE2C130B0300AF040C /* Resources */,
			);
			buildRules = (
			);
			dependencies = (
				DF8A92F22C130B0300AF040C /* PBXTargetDependency */,
			);
			name = MVIPraticeUITests;
			productName = MVIPraticeUITests;
			productReference = DF8A92F02C130B0300AF040C /* MVIPraticeUITests.xctest */;
			productType = "com.apple.product-type.bundle.ui-testing";
		};
/* End PBXNativeTarget section */

/* Begin PBXProject section */
		DF8A92CE2C130B0100AF040C /* Project object */ = {
			isa = PBXProject;
			attributes = {
				BuildIndependentTargetsInParallel = 1;
				LastSwiftUpdateCheck = 1530;
				LastUpgradeCheck = 1530;
				TargetAttributes = {
					DF8A92D52C130B0100AF040C = {
						CreatedOnToolsVersion = 15.3;
					};
					DF8A92E52C130B0300AF040C = {
						CreatedOnToolsVersion = 15.3;
						TestTargetID = DF8A92D52C130B0100AF040C;
					};
					DF8A92EF2C130B0300AF040C = {
						CreatedOnToolsVersion = 15.3;
						TestTargetID = DF8A92D52C130B0100AF040C;
					};
				};
			};
			buildConfigurationList = DF8A92D12C130B0100AF040C /* Build configuration list for PBXProject "MVIPratice" */;
			compatibilityVersion = "Xcode 14.0";
			developmentRegion = en;
			hasScannedForEncodings = 0;
			knownRegions = (
				en,
				Base,
			);
			mainGroup = DF8A92CD2C130B0100AF040C;
			productRefGroup = DF8A92D72C130B0100AF040C /* Products */;
			projectDirPath = "";
			projectRoot = "";
			targets = (
				DF8A92D52C130B0100AF040C /* MVIPratice */,
				DF8A92E52C130B0300AF040C /* MVIPraticeTests */,
				DF8A92EF2C130B0300AF040C /* MVIPraticeUITests */,
			);
		};
/* End PBXProject section */

/* Begin PBXResourcesBuildPhase section */
		DF8A92D42C130B0100AF040C /* Resources */ = {
			isa = PBXResourcesBuildPhase;
			buildActionMask = 2147483647;
			files = (
				DF8A92E12C130B0300AF040C /* Preview Assets.xcassets in Resources */,
				DF8A92DE2C130B0300AF040C /* Assets.xcassets in Resources */,
			);
			runOnlyForDeploymentPostprocessing = 0;
		};
		DF8A92E42C130B0300AF040C /* Resources */ = {
			isa = PBXResourcesBuildPhase;
			buildActionMask = 2147483647;
			files = (
			);
			runOnlyForDeploymentPostprocessing = 0;
		};
		DF8A92EE2C130B0300AF040C /* Resources */ = {
			isa = PBXResourcesBuildPhase;
			buildActionMask = 2147483647;
			files = (
			);
			runOnlyForDeploymentPostprocessing = 0;
		};
/* End PBXResourcesBuildPhase section */

/* Begin PBXSourcesBuildPhase section */
		DF8A92D22C130B0100AF040C /* Sources */ = {
			isa = PBXSourcesBuildPhase;
			buildActionMask = 2147483647;
			files = (
				DF8A92DC2C130B0100AF040C /* ContentView.swift in Sources */,
				DF77243F2C135C7B005566A4 /* MVIContainer.swift in Sources */,
				DF7724412C143D90005566A4 /* MVIContainerProtocol.swift in Sources */,
				DF8A92DA2C130B0100AF040C /* MVIPraticeApp.swift in Sources */,
			);
			runOnlyForDeploymentPostprocessing = 0;
		};
		DF8A92E22C130B0300AF040C /* Sources */ = {
			isa = PBXSourcesBuildPhase;
			buildActionMask = 2147483647;
			files = (
				DF8A92EB2C130B0300AF040C /* MVIPraticeTests.swift in Sources */,
			);
			runOnlyForDeploymentPostprocessing = 0;
		};
		DF8A92EC2C130B0300AF040C /* Sources */ = {
			isa = PBXSourcesBuildPhase;
			buildActionMask = 2147483647;
			files = (
				DF8A92F72C130B0300AF040C /* MVIPraticeUITestsLaunchTests.swift in Sources */,
				DF8A92F52C130B0300AF040C /* MVIPraticeUITests.swift in Sources */,
			);
			runOnlyForDeploymentPostprocessing = 0;
		};
/* End PBXSourcesBuildPhase section */

/* Begin PBXTargetDependency section */
		DF8A92E82C130B0300AF040C /* PBXTargetDependency */ = {
			isa = PBXTargetDependency;
			target = DF8A92D52C130B0100AF040C /* MVIPratice */;
			targetProxy = DF8A92E72C130B0300AF040C /* PBXContainerItemProxy */;
		};
		DF8A92F22C130B0300AF040C /* PBXTargetDependency */ = {
			isa = PBXTargetDependency;
			target = DF8A92D52C130B0100AF040C /* MVIPratice */;
			targetProxy = DF8A92F12C130B0300AF040C /* PBXContainerItemProxy */;
		};
/* End PBXTargetDependency section */

/* Begin XCBuildConfiguration section */
		DF8A92F82C130B0300AF040C /* Debug */ = {
			isa = XCBuildConfiguration;
			buildSettings = {
				ALWAYS_SEARCH_USER_PATHS = NO;
				ASSETCATALOG_COMPILER_GENERATE_SWIFT_ASSET_SYMBOL_EXTENSIONS = YES;
				CLANG_ANALYZER_NONNULL = YES;
				CLANG_ANALYZER_NUMBER_OBJECT_CONVERSION = YES_AGGRESSIVE;
				CLANG_CXX_LANGUAGE_STANDARD = "gnu++20";
				CLANG_ENABLE_MODULES = YES;
				CLANG_ENABLE_OBJC_ARC = YES;
				CLANG_ENABLE_OBJC_WEAK = YES;
				CLANG_WARN_BLOCK_CAPTURE_AUTORELEASING = YES;
				CLANG_WARN_BOOL_CONVERSION = YES;
				CLANG_WARN_COMMA = YES;
				CLANG_WARN_CONSTANT_CONVERSION = YES;
				CLANG_WARN_DEPRECATED_OBJC_IMPLEMENTATIONS = YES;
				CLANG_WARN_DIRECT_OBJC_ISA_USAGE = YES_ERROR;
				CLANG_WARN_DOCUMENTATION_COMMENTS = YES;
				CLANG_WARN_EMPTY_BODY = YES;
				CLANG_WARN_ENUM_CONVERSION = YES;
				CLANG_WARN_INFINITE_RECURSION = YES;
				CLANG_WARN_INT_CONVERSION = YES;
				CLANG_WARN_NON_LITERAL_NULL_CONVERSION = YES;
				CLANG_WARN_OBJC_IMPLICIT_RETAIN_SELF = YES;
				CLANG_WARN_OBJC_LITERAL_CONVERSION = YES;
				CLANG_WARN_OBJC_ROOT_CLASS = YES_ERROR;
				CLANG_WARN_QUOTED_INCLUDE_IN_FRAMEWORK_HEADER = YES;
				CLANG_WARN_RANGE_LOOP_ANALYSIS = YES;
				CLANG_WARN_STRICT_PROTOTYPES = YES;
				CLANG_WARN_SUSPICIOUS_MOVE = YES;
				CLANG_WARN_UNGUARDED_AVAILABILITY = YES_AGGRESSIVE;
				CLANG_WARN_UNREACHABLE_CODE = YES;
				CLANG_WARN__DUPLICATE_METHOD_MATCH = YES;
				COPY_PHASE_STRIP = NO;
				DEBUG_INFORMATION_FORMAT = dwarf;
				ENABLE_STRICT_OBJC_MSGSEND = YES;
				ENABLE_TESTABILITY = YES;
				ENABLE_USER_SCRIPT_SANDBOXING = YES;
				GCC_C_LANGUAGE_STANDARD = gnu17;
				GCC_DYNAMIC_NO_PIC = NO;
				GCC_NO_COMMON_BLOCKS = YES;
				GCC_OPTIMIZATION_LEVEL = 0;
				GCC_PREPROCESSOR_DEFINITIONS = (
					"DEBUG=1",
					"$(inherited)",
				);
				GCC_WARN_64_TO_32_BIT_CONVERSION = YES;
				GCC_WARN_ABOUT_RETURN_TYPE = YES_ERROR;
				GCC_WARN_UNDECLARED_SELECTOR = YES;
				GCC_WARN_UNINITIALIZED_AUTOS = YES_AGGRESSIVE;
				GCC_WARN_UNUSED_FUNCTION = YES;
				GCC_WARN_UNUSED_VARIABLE = YES;
				IPHONEOS_DEPLOYMENT_TARGET = 17.4;
				LOCALIZATION_PREFERS_STRING_CATALOGS = YES;
				MTL_ENABLE_DEBUG_INFO = INCLUDE_SOURCE;
				MTL_FAST_MATH = YES;
				ONLY_ACTIVE_ARCH = YES;
				SDKROOT = iphoneos;
				SWIFT_ACTIVE_COMPILATION_CONDITIONS = "DEBUG $(inherited)";
				SWIFT_OPTIMIZATION_LEVEL = "-Onone";
			};
			name = Debug;
		};
		DF8A92F92C130B0300AF040C /* Release */ = {
			isa = XCBuildConfiguration;
			buildSettings = {
				ALWAYS_SEARCH_USER_PATHS = NO;
				ASSETCATALOG_COMPILER_GENERATE_SWIFT_ASSET_SYMBOL_EXTENSIONS = YES;
				CLANG_ANALYZER_NONNULL = YES;
				CLANG_ANALYZER_NUMBER_OBJECT_CONVERSION = YES_AGGRESSIVE;
				CLANG_CXX_LANGUAGE_STANDARD = "gnu++20";
				CLANG_ENABLE_MODULES = YES;
				CLANG_ENABLE_OBJC_ARC = YES;
				CLANG_ENABLE_OBJC_WEAK = YES;
				CLANG_WARN_BLOCK_CAPTURE_AUTORELEASING = YES;
				CLANG_WARN_BOOL_CONVERSION = YES;
				CLANG_WARN_COMMA = YES;
				CLANG_WARN_CONSTANT_CONVERSION = YES;
				CLANG_WARN_DEPRECATED_OBJC_IMPLEMENTATIONS = YES;
				CLANG_WARN_DIRECT_OBJC_ISA_USAGE = YES_ERROR;
				CLANG_WARN_DOCUMENTATION_COMMENTS = YES;
				CLANG_WARN_EMPTY_BODY = YES;
				CLANG_WARN_ENUM_CONVERSION = YES;
				CLANG_WARN_INFINITE_RECURSION = YES;
				CLANG_WARN_INT_CONVERSION = YES;
				CLANG_WARN_NON_LITERAL_NULL_CONVERSION = YES;
				CLANG_WARN_OBJC_IMPLICIT_RETAIN_SELF = YES;
				CLANG_WARN_OBJC_LITERAL_CONVERSION = YES;
				CLANG_WARN_OBJC_ROOT_CLASS = YES_ERROR;
				CLANG_WARN_QUOTED_INCLUDE_IN_FRAMEWORK_HEADER = YES;
				CLANG_WARN_RANGE_LOOP_ANALYSIS = YES;
				CLANG_WARN_STRICT_PROTOTYPES = YES;
				CLANG_WARN_SUSPICIOUS_MOVE = YES;
				CLANG_WARN_UNGUARDED_AVAILABILITY = YES_AGGRESSIVE;
				CLANG_WARN_UNREACHABLE_CODE = YES;
				CLANG_WARN__DUPLICATE_METHOD_MATCH = YES;
				COPY_PHASE_STRIP = NO;
				DEBUG_INFORMATION_FORMAT = "dwarf-with-dsym";
				ENABLE_NS_ASSERTIONS = NO;
				ENABLE_STRICT_OBJC_MSGSEND = YES;
				ENABLE_USER_SCRIPT_SANDBOXING = YES;
				GCC_C_LANGUAGE_STANDARD = gnu17;
				GCC_NO_COMMON_BLOCKS = YES;
				GCC_WARN_64_TO_32_BIT_CONVERSION = YES;
				GCC_WARN_ABOUT_RETURN_TYPE = YES_ERROR;
				GCC_WARN_UNDECLARED_SELECTOR = YES;
				GCC_WARN_UNINITIALIZED_AUTOS = YES_AGGRESSIVE;
				GCC_WARN_UNUSED_FUNCTION = YES;
				GCC_WARN_UNUSED_VARIABLE = YES;
				IPHONEOS_DEPLOYMENT_TARGET = 17.4;
				LOCALIZATION_PREFERS_STRING_CATALOGS = YES;
				MTL_ENABLE_DEBUG_INFO = NO;
				MTL_FAST_MATH = YES;
				SDKROOT = iphoneos;
				SWIFT_COMPILATION_MODE = wholemodule;
				VALIDATE_PRODUCT = YES;
			};
			name = Release;
		};
		DF8A92FB2C130B0300AF040C /* Debug */ = {
			isa = XCBuildConfiguration;
			buildSettings = {
				ASSETCATALOG_COMPILER_APPICON_NAME = AppIcon;
				ASSETCATALOG_COMPILER_GLOBAL_ACCENT_COLOR_NAME = AccentColor;
				CODE_SIGN_STYLE = Automatic;
				CURRENT_PROJECT_VERSION = 1;
				DEVELOPMENT_ASSET_PATHS = "\"MVIPratice/Preview Content\"";
				DEVELOPMENT_TEAM = QQ67S8HZ4F;
				ENABLE_PREVIEWS = YES;
				GENERATE_INFOPLIST_FILE = YES;
				INFOPLIST_FILE = MVIPratice/Info.plist;
				INFOPLIST_KEY_UIApplicationSceneManifest_Generation = YES;
				INFOPLIST_KEY_UIApplicationSupportsIndirectInputEvents = YES;
				INFOPLIST_KEY_UILaunchScreen_Generation = YES;
				INFOPLIST_KEY_UISupportedInterfaceOrientations_iPad = "UIInterfaceOrientationPortrait UIInterfaceOrientationPortraitUpsideDown UIInterfaceOrientationLandscapeLeft UIInterfaceOrientationLandscapeRight";
				INFOPLIST_KEY_UISupportedInterfaceOrientations_iPhone = "UIInterfaceOrientationPortrait UIInterfaceOrientationLandscapeLeft UIInterfaceOrientationLandscapeRight";
				LD_RUNPATH_SEARCH_PATHS = (
					"$(inherited)",
					"@executable_path/Frameworks",
				);
				MARKETING_VERSION = 1.0;
				PRODUCT_BUNDLE_IDENTIFIER = com.melon.MVIPratice;
				PRODUCT_NAME = "$(TARGET_NAME)";
				SWIFT_EMIT_LOC_STRINGS = YES;
				SWIFT_VERSION = 5.0;
				TARGETED_DEVICE_FAMILY = "1,2";
			};
			name = Debug;
		};
		DF8A92FC2C130B0300AF040C /* Release */ = {
			isa = XCBuildConfiguration;
			buildSettings = {
				ASSETCATALOG_COMPILER_APPICON_NAME = AppIcon;
				ASSETCATALOG_COMPILER_GLOBAL_ACCENT_COLOR_NAME = AccentColor;
				CODE_SIGN_STYLE = Automatic;
				CURRENT_PROJECT_VERSION = 1;
				DEVELOPMENT_ASSET_PATHS = "\"MVIPratice/Preview Content\"";
				DEVELOPMENT_TEAM = QQ67S8HZ4F;
				ENABLE_PREVIEWS = YES;
				GENERATE_INFOPLIST_FILE = YES;
				INFOPLIST_FILE = MVIPratice/Info.plist;
				INFOPLIST_KEY_UIApplicationSceneManifest_Generation = YES;
				INFOPLIST_KEY_UIApplicationSupportsIndirectInputEvents = YES;
				INFOPLIST_KEY_UILaunchScreen_Generation = YES;
				INFOPLIST_KEY_UISupportedInterfaceOrientations_iPad = "UIInterfaceOrientationPortrait UIInterfaceOrientationPortraitUpsideDown UIInterfaceOrientationLandscapeLeft UIInterfaceOrientationLandscapeRight";
				INFOPLIST_KEY_UISupportedInterfaceOrientations_iPhone = "UIInterfaceOrientationPortrait UIInterfaceOrientationLandscapeLeft UIInterfaceOrientationLandscapeRight";
				LD_RUNPATH_SEARCH_PATHS = (
					"$(inherited)",
					"@executable_path/Frameworks",
				);
				MARKETING_VERSION = 1.0;
				PRODUCT_BUNDLE_IDENTIFIER = com.melon.MVIPratice;
				PRODUCT_NAME = "$(TARGET_NAME)";
				SWIFT_EMIT_LOC_STRINGS = YES;
				SWIFT_VERSION = 5.0;
				TARGETED_DEVICE_FAMILY = "1,2";
			};
			name = Release;
		};
		DF8A92FE2C130B0300AF040C /* Debug */ = {
			isa = XCBuildConfiguration;
			buildSettings = {
				ALWAYS_EMBED_SWIFT_STANDARD_LIBRARIES = YES;
				BUNDLE_LOADER = "$(TEST_HOST)";
				CODE_SIGN_STYLE = Automatic;
				CURRENT_PROJECT_VERSION = 1;
				DEVELOPMENT_TEAM = QQ67S8HZ4F;
				GENERATE_INFOPLIST_FILE = YES;
				IPHONEOS_DEPLOYMENT_TARGET = 17.4;
				MARKETING_VERSION = 1.0;
				PRODUCT_BUNDLE_IDENTIFIER = com.melon.MVIPraticeTests;
				PRODUCT_NAME = "$(TARGET_NAME)";
				SWIFT_EMIT_LOC_STRINGS = NO;
				SWIFT_VERSION = 5.0;
				TARGETED_DEVICE_FAMILY = "1,2";
				TEST_HOST = "$(BUILT_PRODUCTS_DIR)/MVIPratice.app/$(BUNDLE_EXECUTABLE_FOLDER_PATH)/MVIPratice";
			};
			name = Debug;
		};
		DF8A92FF2C130B0300AF040C /* Release */ = {
			isa = XCBuildConfiguration;
			buildSettings = {
				ALWAYS_EMBED_SWIFT_STANDARD_LIBRARIES = YES;
				BUNDLE_LOADER = "$(TEST_HOST)";
				CODE_SIGN_STYLE = Automatic;
				CURRENT_PROJECT_VERSION = 1;
				DEVELOPMENT_TEAM = QQ67S8HZ4F;
				GENERATE_INFOPLIST_FILE = YES;
				IPHONEOS_DEPLOYMENT_TARGET = 17.4;
				MARKETING_VERSION = 1.0;
				PRODUCT_BUNDLE_IDENTIFIER = com.melon.MVIPraticeTests;
				PRODUCT_NAME = "$(TARGET_NAME)";
				SWIFT_EMIT_LOC_STRINGS = NO;
				SWIFT_VERSION = 5.0;
				TARGETED_DEVICE_FAMILY = "1,2";
				TEST_HOST = "$(BUILT_PRODUCTS_DIR)/MVIPratice.app/$(BUNDLE_EXECUTABLE_FOLDER_PATH)/MVIPratice";
			};
			name = Release;
		};
		DF8A93012C130B0300AF040C /* Debug */ = {
			isa = XCBuildConfiguration;
			buildSettings = {
				ALWAYS_EMBED_SWIFT_STANDARD_LIBRARIES = YES;
				CODE_SIGN_STYLE = Automatic;
				CURRENT_PROJECT_VERSION = 1;
				DEVELOPMENT_TEAM = QQ67S8HZ4F;
				GENERATE_INFOPLIST_FILE = YES;
				MARKETING_VERSION = 1.0;
				PRODUCT_BUNDLE_IDENTIFIER = com.melon.MVIPraticeUITests;
				PRODUCT_NAME = "$(TARGET_NAME)";
				SWIFT_EMIT_LOC_STRINGS = NO;
				SWIFT_VERSION = 5.0;
				TARGETED_DEVICE_FAMILY = "1,2";
				TEST_TARGET_NAME = MVIPratice;
			};
			name = Debug;
		};
		DF8A93022C130B0300AF040C /* Release */ = {
			isa = XCBuildConfiguration;
			buildSettings = {
				ALWAYS_EMBED_SWIFT_STANDARD_LIBRARIES = YES;
				CODE_SIGN_STYLE = Automatic;
				CURRENT_PROJECT_VERSION = 1;
				DEVELOPMENT_TEAM = QQ67S8HZ4F;
				GENERATE_INFOPLIST_FILE = YES;
				MARKETING_VERSION = 1.0;
				PRODUCT_BUNDLE_IDENTIFIER = com.melon.MVIPraticeUITests;
				PRODUCT_NAME = "$(TARGET_NAME)";
				SWIFT_EMIT_LOC_STRINGS = NO;
				SWIFT_VERSION = 5.0;
				TARGETED_DEVICE_FAMILY = "1,2";
				TEST_TARGET_NAME = MVIPratice;
			};
			name = Release;
		};
/* End XCBuildConfiguration section */

/* Begin XCConfigurationList section */
		DF8A92D12C130B0100AF040C /* Build configuration list for PBXProject "MVIPratice" */ = {
			isa = XCConfigurationList;
			buildConfigurations = (
				DF8A92F82C130B0300AF040C /* Debug */,
				DF8A92F92C130B0300AF040C /* Release */,
			);
			defaultConfigurationIsVisible = 0;
			defaultConfigurationName = Release;
		};
		DF8A92FA2C130B0300AF040C /* Build configuration list for PBXNativeTarget "MVIPratice" */ = {
			isa = XCConfigurationList;
			buildConfigurations = (
				DF8A92FB2C130B0300AF040C /* Debug */,
				DF8A92FC2C130B0300AF040C /* Release */,
			);
			defaultConfigurationIsVisible = 0;
			defaultConfigurationName = Release;
		};
		DF8A92FD2C130B0300AF040C /* Build configuration list for PBXNativeTarget "MVIPraticeTests" */ = {
			isa = XCConfigurationList;
			buildConfigurations = (
				DF8A92FE2C130B0300AF040C /* Debug */,
				DF8A92FF2C130B0300AF040C /* Release */,
			);
			defaultConfigurationIsVisible = 0;
			defaultConfigurationName = Release;
		};
		DF8A93002C130B0300AF040C /* Build configuration list for PBXNativeTarget "MVIPraticeUITests" */ = {
			isa = XCConfigurationList;
			buildConfigurations = (
				DF8A93012C130B0300AF040C /* Debug */,
				DF8A93022C130B0300AF040C /* Release */,
			);
			defaultConfigurationIsVisible = 0;
			defaultConfigurationName = Release;
		};
/* End XCConfigurationList section */
	};
	rootObject = DF8A92CE2C130B0100AF040C /* Project object */;
}
